
Microsoft Visual Studio Solution File, Format Version 12.00
# Visual Studio Version 17
VisualStudioVersion = 17.7.34009.444
MinimumVisualStudioVersion = 10.0.40219.1
Project("{FAE04EC0-301F-11D3-BF4B-00C04F79EFBC}") = "JogoAdvinhacao", "JogoAdvinhacao\JogoAdvinhacao.csproj", "{A65142CD-C28D-4CAC-8990-45558E05F5F2}"
EndProject
Global
	GlobalSection(SolutionConfigurationPlatforms) = preSolution
		Debug|Any CPU = Debug|Any CPU
		Release|Any CPU = Release|Any CPU
	EndGlobalSection
	GlobalSection(ProjectConfigurationPlatforms) = postSolution
		{A65142CD-C28D-4CAC-8990-45558E05F5F2}.Debug|Any CPU.ActiveCfg = Debug|Any CPU
		{A65142CD-C28D-4CAC-8990-45558E05F5F2}.Debug|Any CPU.Build.0 = Debug|Any CPU
		{A65142CD-C28D-4CAC-8990-45558E05F5F2}.Release|Any CPU.ActiveCfg = Release|Any CPU
		{A65142CD-C28D-4CAC-8990-45558E05F5F2}.Release|Any CPU.Build.0 = Release|Any CPU
	EndGlobalSection
	GlobalSection(SolutionProperties) = preSolution
		HideSolutionNode = FALSE
	EndGlobalSection
	GlobalSection(ExtensibilityGlobals) = postSolution
		SolutionGuid = {064F59B3-B10D-41B9-8EA2-64E8A63396AA}
	EndGlobalSection
EndGlobal
